
Microsoft Visual Studio Solution File, Format Version 12.00
# Visual Studio 2013
VisualStudioVersion = 12.0.31101.0
MinimumVisualStudioVersion = 10.0.40219.1
Project("{FAE04EC0-301F-11D3-BF4B-00C04F79EFBC}") = "FullBuild", "FullBuild\FullBuild.csproj", "{3AF55CC8-9998-4039-BC31-54ECBFC91396}"
EndProject
Project("{2150E333-8FDC-42A3-9474-1A3956D46DE8}") = ".nuget", ".nuget", "{688BC193-C65E-4754-A490-5D32ACD3EB08}"
	ProjectSection(SolutionItems) = preProject
		.nuget\NuGet.Config = .nuget\NuGet.Config
		.nuget\NuGet.exe = .nuget\NuGet.exe
		.nuget\NuGet.targets = .nuget\NuGet.targets
	EndProjectSection
EndProject
Project("{FAE04EC0-301F-11D3-BF4B-00C04F79EFBC}") = "FullBuild.Test", "FullBuild.Test\FullBuild.Test.csproj", "{DA8A5512-9C30-49DF-BC7F-7C0ACD1816CB}"
EndProject
Project("{F2A71F9B-5D33-465A-A702-920D77279786}") = "FsFullBuild", "FsFullBuild\FsFullBuild.fsproj", "{5FDE3939-C144-4287-BC57-A96EC2D1A9DA}"
EndProject
Global
	GlobalSection(SolutionConfigurationPlatforms) = preSolution
		Debug|Any CPU = Debug|Any CPU
		Release|Any CPU = Release|Any CPU
	EndGlobalSection
	GlobalSection(ProjectConfigurationPlatforms) = postSolution
		{3AF55CC8-9998-4039-BC31-54ECBFC91396}.Debug|Any CPU.ActiveCfg = Debug|Any CPU
		{3AF55CC8-9998-4039-BC31-54ECBFC91396}.Debug|Any CPU.Build.0 = Debug|Any CPU
		{3AF55CC8-9998-4039-BC31-54ECBFC91396}.Release|Any CPU.ActiveCfg = Release|Any CPU
		{3AF55CC8-9998-4039-BC31-54ECBFC91396}.Release|Any CPU.Build.0 = Release|Any CPU
		{DA8A5512-9C30-49DF-BC7F-7C0ACD1816CB}.Debug|Any CPU.ActiveCfg = Debug|Any CPU
		{DA8A5512-9C30-49DF-BC7F-7C0ACD1816CB}.Debug|Any CPU.Build.0 = Debug|Any CPU
		{DA8A5512-9C30-49DF-BC7F-7C0ACD1816CB}.Release|Any CPU.ActiveCfg = Release|Any CPU
		{DA8A5512-9C30-49DF-BC7F-7C0ACD1816CB}.Release|Any CPU.Build.0 = Release|Any CPU
		{5FDE3939-C144-4287-BC57-A96EC2D1A9DA}.Debug|Any CPU.ActiveCfg = Debug|Any CPU
		{5FDE3939-C144-4287-BC57-A96EC2D1A9DA}.Debug|Any CPU.Build.0 = Debug|Any CPU
		{5FDE3939-C144-4287-BC57-A96EC2D1A9DA}.Release|Any CPU.ActiveCfg = Release|Any CPU
		{5FDE3939-C144-4287-BC57-A96EC2D1A9DA}.Release|Any CPU.Build.0 = Release|Any CPU
	EndGlobalSection
	GlobalSection(SolutionProperties) = preSolution
		HideSolutionNode = FALSE
	EndGlobalSection
EndGlobal
